
Microsoft Visual Studio Solution File, Format Version 12.00
# Visual Studio Version 17
VisualStudioVersion = 17.9.34728.123
MinimumVisualStudioVersion = 10.0.40219.1
Project("{2150E333-8FDC-42A3-9474-1A3956D46DE8}") = "RestaurantBookingSystem", "RestaurantBookingSystem", "{25F4BAC1-CD6C-43AC-B05F-FF5D1EECDED5}"
EndProject
Project("{FAE04EC0-301F-11D3-BF4B-00C04F79EFBC}") = "RestaurantBookingSystemApi", "RestaurantBookingSystemApi\RestaurantBookingSystemApi.csproj", "{EA0E1555-2714-4C21-87AC-D26F88B56C65}"
EndProject
Global
	GlobalSection(SolutionConfigurationPlatforms) = preSolution
		Debug|Any CPU = Debug|Any CPU
		Release|Any CPU = Release|Any CPU
	EndGlobalSection
	GlobalSection(ProjectConfigurationPlatforms) = postSolution
		{EA0E1555-2714-4C21-87AC-D26F88B56C65}.Debug|Any CPU.ActiveCfg = Debug|Any CPU
		{EA0E1555-2714-4C21-87AC-D26F88B56C65}.Debug|Any CPU.Build.0 = Debug|Any CPU
		{EA0E1555-2714-4C21-87AC-D26F88B56C65}.Release|Any CPU.ActiveCfg = Release|Any CPU
		{EA0E1555-2714-4C21-87AC-D26F88B56C65}.Release|Any CPU.Build.0 = Release|Any CPU
	EndGlobalSection
	GlobalSection(SolutionProperties) = preSolution
		HideSolutionNode = FALSE
	EndGlobalSection
	GlobalSection(NestedProjects) = preSolution
		{EA0E1555-2714-4C21-87AC-D26F88B56C65} = {25F4BAC1-CD6C-43AC-B05F-FF5D1EECDED5}
	EndGlobalSection
	GlobalSection(ExtensibilityGlobals) = postSolution
		SolutionGuid = {4FBCDAC1-6290-4D1C-894A-57FFBAA050E5}
	EndGlobalSection
EndGlobal
